PODS:
  - Amplify (1.8.1):
    - Amplify/Default (= 1.8.1)
  - Amplify/Default (1.8.1)
  - amplify_analytics_pinpoint (0.0.1):
    - Amplify
    - amplify_core
    - AmplifyPlugins/AWSPinpointAnalyticsPlugin
    - Flutter
  - amplify_auth_cognito (0.0.1):
    - Amplify
    - amplify_core
    - AmplifyPlugins/AWSCognitoAuthPlugin
    - Flutter
    - ObjectMapper
  - amplify_core (0.0.1):
    - Flutter
  - amplify_flutter (0.0.1):
    - Amplify
    - amplify_core
    - AmplifyPlugins/AWSCognitoAuthPlugin
    - AWSPluginsCore
    - Flutter
  - AmplifyPlugins/AWSCognitoAuthPlugin (1.8.1):
    - AWSAuthCore (~> 2.23.3)
    - AWSCognitoIdentityProvider (~> 2.23.3)
    - AWSCognitoIdentityProviderASF (~> 2.23.3)
    - AWSCore (~> 2.23.3)
    - AWSMobileClient (~> 2.23.3)
    - AWSPluginsCore (= 1.8.1)
  - AmplifyPlugins/AWSPinpointAnalyticsPlugin (1.8.1):
    - AWSCore (~> 2.23.3)
    - AWSPinpoint (~> 2.23.3)
    - AWSPluginsCore (= 1.8.1)
  - AWSAuthCore (2.23.3):
    - AWSCore (= 2.23.3)
  - AWSCognitoIdentityProvider (2.23.3):
    - AWSCognitoIdentityProviderASF (= 2.23.3)
    - AWSCore (= 2.23.3)
  - AWSCognitoIdentityProviderASF (2.23.3)
  - AWSCore (2.23.3)
  - AWSMobileClient (2.23.3):
    - AWSAuthCore (= 2.23.3)
    - AWSCognitoIdentityProvider (= 2.23.3)
    - AWSCognitoIdentityProviderASF (= 2.23.3)
    - AWSCore (= 2.23.3)
  - AWSPinpoint (2.23.3):
    - AWSCore (= 2.23.3)
  - AWSPluginsCore (1.8.1):
    - Amplify (= 1.8.1)
    - AWSCore (~> 2.23.3)
  - camera (0.0.1):
    - Flutter
  - Flutter (1.0.0)
  - fluttertoast (0.0.2):
    - Flutter
    - Toast
  - image_gallery_saver (1.5.0):
    - Flutter
  - image_picker (0.0.1):
    - Flutter
  - native_opencv (0.0.1):
    - Flutter
  - ObjectMapper (4.2.0)
  - open_file (0.0.1):
    - Flutter
  - path_provider (0.0.1):
    - Flutter
  - "permission_handler (5.1.0+2)":
    - Flutter
  - Toast (4.0.0)
  - video_player (0.0.1):
    - Flutter

DEPENDENCIES:
  - amplify_analytics_pinpoint (from `.symlinks/plugins/amplify_analytics_pinpoint/ios`)
  - amplify_auth_cognito (from `.symlinks/plugins/amplify_auth_cognito/ios`)
  - amplify_core (from `.symlinks/plugins/amplify_core/ios`)
  - amplify_flutter (from `.symlinks/plugins/amplify_flutter/ios`)
  - camera (from `.symlinks/plugins/camera/ios`)
  - Flutter (from `Flutter`)
  - fluttertoast (from `.symlinks/plugins/fluttertoast/ios`)
  - image_gallery_saver (from `.symlinks/plugins/image_gallery_saver/ios`)
  - image_picker (from `.symlinks/plugins/image_picker/ios`)
  - native_opencv (from `.symlinks/plugins/native_opencv/ios`)
  - open_file (from `.symlinks/plugins/open_file/ios`)
  - path_provider (from `.symlinks/plugins/path_provider/ios`)
  - permission_handler (from `.symlinks/plugins/permission_handler/ios`)
  - video_player (from `.symlinks/plugins/video_player/ios`)

SPEC REPOS:
  trunk:
    - Amplify
    - AmplifyPlugins
    - AWSAuthCore
    - AWSCognitoIdentityProvider
    - AWSCognitoIdentityProviderASF
    - AWSCore
    - AWSMobileClient
    - AWSPinpoint
    - AWSPluginsCore
    - ObjectMapper
    - Toast

EXTERNAL SOURCES:
  amplify_analytics_pinpoint:
    :path: ".symlinks/plugins/amplify_analytics_pinpoint/ios"
  amplify_auth_cognito:
    :path: ".symlinks/plugins/amplify_auth_cognito/ios"
  amplify_core:
    :path: ".symlinks/plugins/amplify_core/ios"
  amplify_flutter:
    :path: ".symlinks/plugins/amplify_flutter/ios"
  camera:
    :path: ".symlinks/plugins/camera/ios"
  Flutter:
    :path: Flutter
  fluttertoast:
    :path: ".symlinks/plugins/fluttertoast/ios"
  image_gallery_saver:
    :path: ".symlinks/plugins/image_gallery_saver/ios"
  image_picker:
    :path: ".symlinks/plugins/image_picker/ios"
  native_opencv:
    :path: ".symlinks/plugins/native_opencv/ios"
  open_file:
    :path: ".symlinks/plugins/open_file/ios"
  path_provider:
    :path: ".symlinks/plugins/path_provider/ios"
  permission_handler:
    :path: ".symlinks/plugins/permission_handler/ios"
  video_player:
    :path: ".symlinks/plugins/video_player/ios"

SPEC CHECKSUMS:
  Amplify: 7e9e36acaacc28733454167b67b2ecf66133ce02
  amplify_analytics_pinpoint: df3010eb49161ada82712a6b74d3f77296ac561e
  amplify_auth_cognito: 2e090a788d0ba4e08f6438170b1e7aac872782b4
  amplify_core: 8b38d20089fe4f225c14db6892f586bd03824a42
  amplify_flutter: d64b45e3a016e491bbb2e110fee57e150daf2164
  AmplifyPlugins: ff3f95060943ad400f84c6671166b29f65097d6d
  AWSAuthCore: 2aaf8dec7f50e3f7606857bdca0db9263faed0c5
  AWSCognitoIdentityProvider: fcd9b00fec0ef5ac6768548af948ad033b52da98
  AWSCognitoIdentityProviderASF: 719578cca39b3233bd67e656bdf04d409e8fc255
  AWSCore: c60e635b1a61cb27b6dfff646ce9f402be870b62
  AWSMobileClient: bdfc148fc11b846331f2bec4a7063c95e66c329e
  AWSPinpoint: 72c99dbf5c37464f87cbf4515d6d027c996ddc96
  AWSPluginsCore: cadee247acd6a0e8a1915fa3a7ec2b80b49f43bb
  camera: a0ca5080336f7af47b88436e5e26da3dee5568f0
  Flutter: 434fef37c0980e73bb6479ef766c45957d4b510c
  fluttertoast: 6122fa75143e992b1d3470f61000f591a798cc58
  image_gallery_saver: 259eab68fb271cfd57d599904f7acdc7832e7ef2
  image_picker: 9c3312491f862b28d21ecd8fdf0ee14e601b3f09
  native_opencv: 4698b5dd52334a5dc4a30645d9f950814d764734
  ObjectMapper: 1eb41f610210777375fa806bf161dc39fb832b81
  open_file: 02eb5cb6b21264bd3a696876f5afbfb7ca4f4b7d
  path_provider: abfe2b5c733d04e238b0d8691db0cfd63a27a93c
  permission_handler: ccb20a9fad0ee9b1314a52b70b76b473c5f8dab0
  Toast: 91b396c56ee72a5790816f40d3a94dd357abc196
  video_player: 9cc823b1d9da7e8427ee591e8438bfbcde500e6e

PODFILE CHECKSUM: c1fe4523a8171a94fbcc760d65f59a67f3a2c60b

COCOAPODS: 1.10.1
